// !$*UTF8*$!
{
	archiveVersion = 1;
	classes = {
	};
	objectVersion = 77;
	objects = {

/* Begin PBXBuildFile section */
		32762B3A2DF8A4AF00A2D60B /* UIImageViewExtensions.swift in Sources */ = {isa = PBXBuildFile; fileRef = 32762B392DF8A4AF00A2D60B /* UIImageViewExtensions.swift */; };
		32762B3C2DF8A67D00A2D60B /* UIColorExtension.swift in Sources */ = {isa = PBXBuildFile; fileRef = 32762B3B2DF8A67D00A2D60B /* UIColorExtension.swift */; };
		327CE53B2DF8334E003261DC /* Configure.plist in Resources */ = {isa = PBXBuildFile; fileRef = 327CE53A2DF8334E003261DC /* Configure.plist */; };
		327CE53E2DF83787003261DC /* PhotosService.swift in Sources */ = {isa = PBXBuildFile; fileRef = 327CE53D2DF83787003261DC /* PhotosService.swift */; };
		327CE5412DF83A96003261DC /* MainModel.swift in Sources */ = {isa = PBXBuildFile; fileRef = 327CE5402DF83A96003261DC /* MainModel.swift */; };
		3284A9072DF94F8700358A99 /* DetailBuilder.swift in Sources */ = {isa = PBXBuildFile; fileRef = 3284A9052DF94F8700358A99 /* DetailBuilder.swift */; };
		3284A9082DF94F8700358A99 /* DetailPresenter.swift in Sources */ = {isa = PBXBuildFile; fileRef = 3284A9012DF94F8700358A99 /* DetailPresenter.swift */; };
		3284A9092DF94F8700358A99 /* DetailViewController.swift in Sources */ = {isa = PBXBuildFile; fileRef = 3284A9032DF94F8700358A99 /* DetailViewController.swift */; };
		32D4D1B92DF7546100A8B655 /* AppDelegate.swift in Sources */ = {isa = PBXBuildFile; fileRef = 32D4D1AE2DF7546100A8B655 /* AppDelegate.swift */; };
		32D4D1BA2DF7546100A8B655 /* SceneDelegate.swift in Sources */ = {isa = PBXBuildFile; fileRef = 32D4D1B02DF7546100A8B655 /* SceneDelegate.swift */; };
		32D4D1BD2DF7546100A8B655 /* Assets.xcassets in Resources */ = {isa = PBXBuildFile; fileRef = 32D4D1B22DF7546100A8B655 /* Assets.xcassets */; };
		32D4D1BE2DF7546100A8B655 /* LaunchScreen.storyboard in Resources */ = {isa = PBXBuildFile; fileRef = 32D4D1B42DF7546100A8B655 /* LaunchScreen.storyboard */; };
		32D4D1C82DF7588E00A8B655 /* MainBuilder.swift in Sources */ = {isa = PBXBuildFile; fileRef = 32D4D1C62DF7588E00A8B655 /* MainBuilder.swift */; };
		32D4D1C92DF7588E00A8B655 /* MainPresenter.swift in Sources */ = {isa = PBXBuildFile; fileRef = 32D4D1C22DF7588E00A8B655 /* MainPresenter.swift */; };
		32D4D1CA2DF7588E00A8B655 /* MainViewController.swift in Sources */ = {isa = PBXBuildFile; fileRef = 32D4D1C42DF7588E00A8B655 /* MainViewController.swift */; };
		32D4D1D42DF758FE00A8B655 /* UICollectionViewExtension.swift in Sources */ = {isa = PBXBuildFile; fileRef = 32D4D1D12DF758FE00A8B655 /* UICollectionViewExtension.swift */; };
		32D4D1D82DF75ED400A8B655 /* UIViewExtension.swift in Sources */ = {isa = PBXBuildFile; fileRef = 32D4D1D72DF75ED400A8B655 /* UIViewExtension.swift */; };
		32D4D1DC2DF76AF000A8B655 /* CollectionViewCell.swift in Sources */ = {isa = PBXBuildFile; fileRef = 32D4D1DB2DF76AF000A8B655 /* CollectionViewCell.swift */; };
		32D4D1DE2DF7F77700A8B655 /* UIStackViewExtension.swift in Sources */ = {isa = PBXBuildFile; fileRef = 32D4D1DD2DF7F77700A8B655 /* UIStackViewExtension.swift */; };
/* End PBXBuildFile section */

/* Begin PBXFileReference section */
		32762B392DF8A4AF00A2D60B /* UIImageViewExtensions.swift */ = {isa = PBXFileReference; lastKnownFileType = sourcecode.swift; path = UIImageViewExtensions.swift; sourceTree = "<group>"; };
		32762B3B2DF8A67D00A2D60B /* UIColorExtension.swift */ = {isa = PBXFileReference; lastKnownFileType = sourcecode.swift; path = UIColorExtension.swift; sourceTree = "<group>"; };
		327CE53A2DF8334E003261DC /* Configure.plist */ = {isa = PBXFileReference; lastKnownFileType = text.plist.xml; path = Configure.plist; sourceTree = "<group>"; };
		327CE53D2DF83787003261DC /* PhotosService.swift */ = {isa = PBXFileReference; lastKnownFileType = sourcecode.swift; path = PhotosService.swift; sourceTree = "<group>"; };
		327CE5402DF83A96003261DC /* MainModel.swift */ = {isa = PBXFileReference; lastKnownFileType = sourcecode.swift; path = MainModel.swift; sourceTree = "<group>"; };
		3284A9012DF94F8700358A99 /* DetailPresenter.swift */ = {isa = PBXFileReference; lastKnownFileType = sourcecode.swift; path = DetailPresenter.swift; sourceTree = "<group>"; };
		3284A9032DF94F8700358A99 /* DetailViewController.swift */ = {isa = PBXFileReference; lastKnownFileType = sourcecode.swift; path = DetailViewController.swift; sourceTree = "<group>"; };
		3284A9052DF94F8700358A99 /* DetailBuilder.swift */ = {isa = PBXFileReference; lastKnownFileType = sourcecode.swift; path = DetailBuilder.swift; sourceTree = "<group>"; };
		32D4D1952DF7544300A8B655 /* ExpertTrain.app */ = {isa = PBXFileReference; explicitFileType = wrapper.application; includeInIndex = 0; path = ExpertTrain.app; sourceTree = BUILT_PRODUCTS_DIR; };
		32D4D1AE2DF7546100A8B655 /* AppDelegate.swift */ = {isa = PBXFileReference; lastKnownFileType = sourcecode.swift; path = AppDelegate.swift; sourceTree = "<group>"; };
		32D4D1AF2DF7546100A8B655 /* Info.plist */ = {isa = PBXFileReference; lastKnownFileType = text.plist.xml; path = Info.plist; sourceTree = "<group>"; };
		32D4D1B02DF7546100A8B655 /* SceneDelegate.swift */ = {isa = PBXFileReference; lastKnownFileType = sourcecode.swift; path = SceneDelegate.swift; sourceTree = "<group>"; };
		32D4D1B22DF7546100A8B655 /* Assets.xcassets */ = {isa = PBXFileReference; lastKnownFileType = folder.assetcatalog; path = Assets.xcassets; sourceTree = "<group>"; };
		32D4D1B32DF7546100A8B655 /* Base */ = {isa = PBXFileReference; lastKnownFileType = file.storyboard; name = Base; path = Base.lproj/LaunchScreen.storyboard; sourceTree = "<group>"; };
		32D4D1C22DF7588E00A8B655 /* MainPresenter.swift */ = {isa = PBXFileReference; lastKnownFileType = sourcecode.swift; path = MainPresenter.swift; sourceTree = "<group>"; };
		32D4D1C42DF7588E00A8B655 /* MainViewController.swift */ = {isa = PBXFileReference; lastKnownFileType = sourcecode.swift; path = MainViewController.swift; sourceTree = "<group>"; };
		32D4D1C62DF7588E00A8B655 /* MainBuilder.swift */ = {isa = PBXFileReference; lastKnownFileType = sourcecode.swift; path = MainBuilder.swift; sourceTree = "<group>"; };
		32D4D1D12DF758FE00A8B655 /* UICollectionViewExtension.swift */ = {isa = PBXFileReference; lastKnownFileType = sourcecode.swift; path = UICollectionViewExtension.swift; sourceTree = "<group>"; };
		32D4D1D72DF75ED400A8B655 /* UIViewExtension.swift */ = {isa = PBXFileReference; lastKnownFileType = sourcecode.swift; path = UIViewExtension.swift; sourceTree = "<group>"; };
		32D4D1DB2DF76AF000A8B655 /* CollectionViewCell.swift */ = {isa = PBXFileReference; lastKnownFileType = sourcecode.swift; path = CollectionViewCell.swift; sourceTree = "<group>"; };
		32D4D1DD2DF7F77700A8B655 /* UIStackViewExtension.swift */ = {isa = PBXFileReference; lastKnownFileType = sourcecode.swift; path = UIStackViewExtension.swift; sourceTree = "<group>"; };
/* End PBXFileReference section */

/* Begin PBXFrameworksBuildPhase section */
		32D4D1922DF7544300A8B655 /* Frameworks */ = {
			isa = PBXFrameworksBuildPhase;
			buildActionMask = 2147483647;
			files = (
			);
			runOnlyForDeploymentPostprocessing = 0;
		};
/* End PBXFrameworksBuildPhase section */

/* Begin PBXGroup section */
		327CE53C2DF8365E003261DC /* Services */ = {
			isa = PBXGroup;
			children = (
				327CE53D2DF83787003261DC /* PhotosService.swift */,
			);
			path = Services;
			sourceTree = "<group>";
		};
		327CE53F2DF83A82003261DC /* Model */ = {
			isa = PBXGroup;
			children = (
				327CE5402DF83A96003261DC /* MainModel.swift */,
			);
			path = Model;
			sourceTree = "<group>";
		};
		3284A9022DF94F8700358A99 /* Presenter */ = {
			isa = PBXGroup;
			children = (
				3284A9012DF94F8700358A99 /* DetailPresenter.swift */,
			);
			path = Presenter;
			sourceTree = "<group>";
		};
		3284A9042DF94F8700358A99 /* View */ = {
			isa = PBXGroup;
			children = (
				3284A9032DF94F8700358A99 /* DetailViewController.swift */,
			);
			path = View;
			sourceTree = "<group>";
		};
		3284A9062DF94F8700358A99 /* Detail */ = {
			isa = PBXGroup;
			children = (
				3284A9052DF94F8700358A99 /* DetailBuilder.swift */,
				3284A9022DF94F8700358A99 /* Presenter */,
				3284A9042DF94F8700358A99 /* View */,
			);
			path = Detail;
			sourceTree = "<group>";
		};
		32D4D18C2DF7544300A8B655 = {
			isa = PBXGroup;
			children = (
				32D4D1B82DF7546100A8B655 /* ExpertTrain */,
				32D4D1962DF7544300A8B655 /* Products */,
			);
			sourceTree = "<group>";
		};
		32D4D1962DF7544300A8B655 /* Products */ = {
			isa = PBXGroup;
			children = (
				32D4D1952DF7544300A8B655 /* ExpertTrain.app */,
			);
			name = Products;
			sourceTree = "<group>";
		};
		32D4D1B12DF7546100A8B655 /* Core */ = {
			isa = PBXGroup;
			children = (
				32D4D1AE2DF7546100A8B655 /* AppDelegate.swift */,
				32D4D1B02DF7546100A8B655 /* SceneDelegate.swift */,
				32D4D1AF2DF7546100A8B655 /* Info.plist */,
				327CE53A2DF8334E003261DC /* Configure.plist */,
			);
			path = Core;
			sourceTree = "<group>";
		};
		32D4D1B82DF7546100A8B655 /* ExpertTrain */ = {
			isa = PBXGroup;
			children = (
				32D4D1B12DF7546100A8B655 /* Core */,
				32D4D1C02DF7547000A8B655 /* Resources */,
				32D4D1D32DF758FE00A8B655 /* Extensions */,
				327CE53C2DF8365E003261DC /* Services */,
				327CE53F2DF83A82003261DC /* Model */,
				32D4D1C12DF7586100A8B655 /* Modules */,
			);
			path = ExpertTrain;
			sourceTree = "<group>";
		};
		32D4D1C02DF7547000A8B655 /* Resources */ = {
			isa = PBXGroup;
			children = (
				32D4D1B22DF7546100A8B655 /* Assets.xcassets */,
				32D4D1B42DF7546100A8B655 /* LaunchScreen.storyboard */,
			);
			path = Resources;
			sourceTree = "<group>";
		};
		32D4D1C12DF7586100A8B655 /* Modules */ = {
			isa = PBXGroup;
			children = (
				32D4D1C72DF7588E00A8B655 /* Main */,
				3284A9062DF94F8700358A99 /* Detail */,
			);
			path = Modules;
			sourceTree = "<group>";
		};
		32D4D1C32DF7588E00A8B655 /* Presenter */ = {
			isa = PBXGroup;
			children = (
				32D4D1C22DF7588E00A8B655 /* MainPresenter.swift */,
			);
			path = Presenter;
			sourceTree = "<group>";
		};
		32D4D1C52DF7588E00A8B655 /* View */ = {
			isa = PBXGroup;
			children = (
				32D4D1C42DF7588E00A8B655 /* MainViewController.swift */,
				32D4D1DB2DF76AF000A8B655 /* CollectionViewCell.swift */,
			);
			path = View;
			sourceTree = "<group>";
		};
		32D4D1C72DF7588E00A8B655 /* Main */ = {
			isa = PBXGroup;
			children = (
				32D4D1C62DF7588E00A8B655 /* MainBuilder.swift */,
				32D4D1C32DF7588E00A8B655 /* Presenter */,
				32D4D1C52DF7588E00A8B655 /* View */,
			);
			path = Main;
			sourceTree = "<group>";
		};
		32D4D1D22DF758FE00A8B655 /* UIKit */ = {
			isa = PBXGroup;
			children = (
				32D4D1D12DF758FE00A8B655 /* UICollectionViewExtension.swift */,
				32D4D1D72DF75ED400A8B655 /* UIViewExtension.swift */,
				32D4D1DD2DF7F77700A8B655 /* UIStackViewExtension.swift */,
				32762B392DF8A4AF00A2D60B /* UIImageViewExtensions.swift */,
				32762B3B2DF8A67D00A2D60B /* UIColorExtension.swift */,
			);
			path = UIKit;
			sourceTree = "<group>";
		};
		32D4D1D32DF758FE00A8B655 /* Extensions */ = {
			isa = PBXGroup;
			children = (
				32D4D1D22DF758FE00A8B655 /* UIKit */,
			);
			path = Extensions;
			sourceTree = "<group>";
		};
/* End PBXGroup section */

/* Begin PBXNativeTarget section */
		32D4D1942DF7544300A8B655 /* ExpertTrain */ = {
			isa = PBXNativeTarget;
			buildConfigurationList = 32D4D1A82DF7544300A8B655 /* Build configuration list for PBXNativeTarget "ExpertTrain" */;
			buildPhases = (
				32D4D1912DF7544300A8B655 /* Sources */,
				32D4D1922DF7544300A8B655 /* Frameworks */,
				32D4D1932DF7544300A8B655 /* Resources */,
			);
			buildRules = (
			);
			dependencies = (
			);
			name = ExpertTrain;
			packageProductDependencies = (
			);
			productName = ExpertTrain;
			productReference = 32D4D1952DF7544300A8B655 /* ExpertTrain.app */;
			productType = "com.apple.product-type.application";
		};
/* End PBXNativeTarget section */

/* Begin PBXProject section */
		32D4D18D2DF7544300A8B655 /* Project object */ = {
			isa = PBXProject;
			attributes = {
				BuildIndependentTargetsInParallel = 1;
				LastSwiftUpdateCheck = 1640;
				LastUpgradeCheck = 1640;
				TargetAttributes = {
					32D4D1942DF7544300A8B655 = {
						CreatedOnToolsVersion = 16.4;
						LastSwiftMigration = 1640;
					};
				};
			};
			buildConfigurationList = 32D4D1902DF7544300A8B655 /* Build configuration list for PBXProject "ExpertTrain" */;
			developmentRegion = en;
			hasScannedForEncodings = 0;
			knownRegions = (
				en,
				Base,
			);
			mainGroup = 32D4D18C2DF7544300A8B655;
			minimizedProjectReferenceProxies = 1;
			preferredProjectObjectVersion = 77;
			productRefGroup = 32D4D1962DF7544300A8B655 /* Products */;
			projectDirPath = "";
			projectRoot = "";
			targets = (
				32D4D1942DF7544300A8B655 /* ExpertTrain */,
			);
		};
/* End PBXProject section */

/* Begin PBXResourcesBuildPhase section */
		32D4D1932DF7544300A8B655 /* Resources */ = {
			isa = PBXResourcesBuildPhase;
			buildActionMask = 2147483647;
			files = (
				32D4D1BD2DF7546100A8B655 /* Assets.xcassets in Resources */,
				32D4D1BE2DF7546100A8B655 /* LaunchScreen.storyboard in Resources */,
				327CE53B2DF8334E003261DC /* Configure.plist in Resources */,
			);
			runOnlyForDeploymentPostprocessing = 0;
		};
/* End PBXResourcesBuildPhase section */

/* Begin PBXSourcesBuildPhase section */
		32D4D1912DF7544300A8B655 /* Sources */ = {
			isa = PBXSourcesBuildPhase;
			buildActionMask = 2147483647;
			files = (
				32D4D1B92DF7546100A8B655 /* AppDelegate.swift in Sources */,
				32D4D1DE2DF7F77700A8B655 /* UIStackViewExtension.swift in Sources */,
				32D4D1BA2DF7546100A8B655 /* SceneDelegate.swift in Sources */,
				32D4D1DC2DF76AF000A8B655 /* CollectionViewCell.swift in Sources */,
				32D4D1C82DF7588E00A8B655 /* MainBuilder.swift in Sources */,
				32D4D1C92DF7588E00A8B655 /* MainPresenter.swift in Sources */,
				32762B3C2DF8A67D00A2D60B /* UIColorExtension.swift in Sources */,
				327CE5412DF83A96003261DC /* MainModel.swift in Sources */,
				3284A9072DF94F8700358A99 /* DetailBuilder.swift in Sources */,
				3284A9082DF94F8700358A99 /* DetailPresenter.swift in Sources */,
				3284A9092DF94F8700358A99 /* DetailViewController.swift in Sources */,
				32D4D1D82DF75ED400A8B655 /* UIViewExtension.swift in Sources */,
				32D4D1D42DF758FE00A8B655 /* UICollectionViewExtension.swift in Sources */,
				32D4D1CA2DF7588E00A8B655 /* MainViewController.swift in Sources */,
				32762B3A2DF8A4AF00A2D60B /* UIImageViewExtensions.swift in Sources */,
				327CE53E2DF83787003261DC /* PhotosService.swift in Sources */,
			);
			runOnlyForDeploymentPostprocessing = 0;
		};
/* End PBXSourcesBuildPhase section */

/* Begin PBXVariantGroup section */
		32D4D1B42DF7546100A8B655 /* LaunchScreen.storyboard */ = {
			isa = PBXVariantGroup;
			children = (
				32D4D1B32DF7546100A8B655 /* Base */,
			);
			name = LaunchScreen.storyboard;
			sourceTree = "<group>";
		};
/* End PBXVariantGroup section */

/* Begin XCBuildConfiguration section */
		32D4D1A92DF7544300A8B655 /* Debug */ = {
			isa = XCBuildConfiguration;
			buildSettings = {
				ASSETCATALOG_COMPILER_APPICON_NAME = AppIcon;
				ASSETCATALOG_COMPILER_GLOBAL_ACCENT_COLOR_NAME = AccentColor;
				CLANG_ENABLE_MODULES = YES;
				CODE_SIGN_STYLE = Automatic;
				CURRENT_PROJECT_VERSION = 1;
				DEVELOPMENT_TEAM = YV72SAKGKB;
				GENERATE_INFOPLIST_FILE = YES;
				INFOPLIST_FILE = ExpertTrain/Core/Info.plist;
				INFOPLIST_KEY_UIApplicationSupportsIndirectInputEvents = YES;
				INFOPLIST_KEY_UILaunchStoryboardName = LaunchScreen;
				INFOPLIST_KEY_UISupportedInterfaceOrientations_iPad = "UIInterfaceOrientationPortrait UIInterfaceOrientationPortraitUpsideDown UIInterfaceOrientationLandscapeLeft UIInterfaceOrientationLandscapeRight";
				INFOPLIST_KEY_UISupportedInterfaceOrientations_iPhone = "UIInterfaceOrientationPortrait UIInterfaceOrientationLandscapeLeft UIInterfaceOrientationLandscapeRight";
				IPHONEOS_DEPLOYMENT_TARGET = 17.0;
				LD_RUNPATH_SEARCH_PATHS = (
					"$(inherited)",
					"@executable_path/Frameworks",
				);
				MARKETING_VERSION = 1.0;
				PRODUCT_BUNDLE_IDENTIFIER = ct4tuei3.ExpertTrain;
				PRODUCT_NAME = "$(TARGET_NAME)";
				SUPPORTED_PLATFORMS = "iphoneos iphonesimulator";
				SUPPORTS_MACCATALYST = NO;
				SUPPORTS_XR_DESIGNED_FOR_IPHONE_IPAD = NO;
				SWIFT_EMIT_LOC_STRINGS = YES;
				SWIFT_OPTIMIZATION_LEVEL = "-Onone";
				SWIFT_VERSION = 5.0;
				TARGETED_DEVICE_FAMILY = "1,2";
			};
			name = Debug;
		};
		32D4D1AA2DF7544300A8B655 /* Release */ = {
			isa = XCBuildConfiguration;
			buildSettings = {
				ASSETCATALOG_COMPILER_APPICON_NAME = AppIcon;
				ASSETCATALOG_COMPILER_GLOBAL_ACCENT_COLOR_NAME = AccentColor;
				CLANG_ENABLE_MODULES = YES;
				CODE_SIGN_STYLE = Automatic;
				CURRENT_PROJECT_VERSION = 1;
				DEVELOPMENT_TEAM = YV72SAKGKB;
				GENERATE_INFOPLIST_FILE = YES;
				INFOPLIST_FILE = ExpertTrain/Core/Info.plist;
				INFOPLIST_KEY_UIApplicationSupportsIndirectInputEvents = YES;
				INFOPLIST_KEY_UILaunchStoryboardName = LaunchScreen;
				INFOPLIST_KEY_UISupportedInterfaceOrientations_iPad = "UIInterfaceOrientationPortrait UIInterfaceOrientationPortraitUpsideDown UIInterfaceOrientationLandscapeLeft UIInterfaceOrientationLandscapeRight";
				INFOPLIST_KEY_UISupportedInterfaceOrientations_iPhone = "UIInterfaceOrientationPortrait UIInterfaceOrientationLandscapeLeft UIInterfaceOrientationLandscapeRight";
				IPHONEOS_DEPLOYMENT_TARGET = 17.0;
				LD_RUNPATH_SEARCH_PATHS = (
					"$(inherited)",
					"@executable_path/Frameworks",
				);
				MARKETING_VERSION = 1.0;
				PRODUCT_BUNDLE_IDENTIFIER = ct4tuei3.ExpertTrain;
				PRODUCT_NAME = "$(TARGET_NAME)";
				SUPPORTED_PLATFORMS = "iphoneos iphonesimulator";
				SUPPORTS_MACCATALYST = NO;
				SUPPORTS_XR_DESIGNED_FOR_IPHONE_IPAD = NO;
				SWIFT_EMIT_LOC_STRINGS = YES;
				SWIFT_VERSION = 5.0;
				TARGETED_DEVICE_FAMILY = "1,2";
			};
			name = Release;
		};
		32D4D1AB2DF7544300A8B655 /* Debug */ = {
			isa = XCBuildConfiguration;
			buildSettings = {
				ALWAYS_SEARCH_USER_PATHS = NO;
				ASSETCATALOG_COMPILER_GENERATE_SWIFT_ASSET_SYMBOL_EXTENSIONS = YES;
				CLANG_ANALYZER_NONNULL = YES;
				CLANG_ANALYZER_NUMBER_OBJECT_CONVERSION = YES_AGGRESSIVE;
				CLANG_CXX_LANGUAGE_STANDARD = "gnu++20";
				CLANG_ENABLE_MODULES = YES;
				CLANG_ENABLE_OBJC_ARC = YES;
				CLANG_ENABLE_OBJC_WEAK = YES;
				CLANG_WARN_BLOCK_CAPTURE_AUTORELEASING = YES;
				CLANG_WARN_BOOL_CONVERSION = YES;
				CLANG_WARN_COMMA = YES;
				CLANG_WARN_CONSTANT_CONVERSION = YES;
				CLANG_WARN_DEPRECATED_OBJC_IMPLEMENTATIONS = YES;
				CLANG_WARN_DIRECT_OBJC_ISA_USAGE = YES_ERROR;
				CLANG_WARN_DOCUMENTATION_COMMENTS = YES;
				CLANG_WARN_EMPTY_BODY = YES;
				CLANG_WARN_ENUM_CONVERSION = YES;
				CLANG_WARN_INFINITE_RECURSION = YES;
				CLANG_WARN_INT_CONVERSION = YES;
				CLANG_WARN_NON_LITERAL_NULL_CONVERSION = YES;
				CLANG_WARN_OBJC_IMPLICIT_RETAIN_SELF = YES;
				CLANG_WARN_OBJC_LITERAL_CONVERSION = YES;
				CLANG_WARN_OBJC_ROOT_CLASS = YES_ERROR;
				CLANG_WARN_QUOTED_INCLUDE_IN_FRAMEWORK_HEADER = YES;
				CLANG_WARN_RANGE_LOOP_ANALYSIS = YES;
				CLANG_WARN_STRICT_PROTOTYPES = YES;
				CLANG_WARN_SUSPICIOUS_MOVE = YES;
				CLANG_WARN_UNGUARDED_AVAILABILITY = YES_AGGRESSIVE;
				CLANG_WARN_UNREACHABLE_CODE = YES;
				CLANG_WARN__DUPLICATE_METHOD_MATCH = YES;
				COPY_PHASE_STRIP = NO;
				DEBUG_INFORMATION_FORMAT = dwarf;
				DEVELOPMENT_TEAM = YV72SAKGKB;
				ENABLE_STRICT_OBJC_MSGSEND = YES;
				ENABLE_TESTABILITY = YES;
				ENABLE_USER_SCRIPT_SANDBOXING = YES;
				GCC_C_LANGUAGE_STANDARD = gnu17;
				GCC_DYNAMIC_NO_PIC = NO;
				GCC_NO_COMMON_BLOCKS = YES;
				GCC_OPTIMIZATION_LEVEL = 0;
				GCC_PREPROCESSOR_DEFINITIONS = (
					"DEBUG=1",
					"$(inherited)",
				);
				GCC_WARN_64_TO_32_BIT_CONVERSION = YES;
				GCC_WARN_ABOUT_RETURN_TYPE = YES_ERROR;
				GCC_WARN_UNDECLARED_SELECTOR = YES;
				GCC_WARN_UNINITIALIZED_AUTOS = YES_AGGRESSIVE;
				GCC_WARN_UNUSED_FUNCTION = YES;
				GCC_WARN_UNUSED_VARIABLE = YES;
				IPHONEOS_DEPLOYMENT_TARGET = 18.5;
				LOCALIZATION_PREFERS_STRING_CATALOGS = YES;
				MTL_ENABLE_DEBUG_INFO = INCLUDE_SOURCE;
				MTL_FAST_MATH = YES;
				ONLY_ACTIVE_ARCH = YES;
				SDKROOT = iphoneos;
				SWIFT_ACTIVE_COMPILATION_CONDITIONS = "DEBUG $(inherited)";
				SWIFT_OPTIMIZATION_LEVEL = "-Onone";
			};
			name = Debug;
		};
		32D4D1AC2DF7544300A8B655 /* Release */ = {
			isa = XCBuildConfiguration;
			buildSettings = {
				ALWAYS_SEARCH_USER_PATHS = NO;
				ASSETCATALOG_COMPILER_GENERATE_SWIFT_ASSET_SYMBOL_EXTENSIONS = YES;
				CLANG_ANALYZER_NONNULL = YES;
				CLANG_ANALYZER_NUMBER_OBJECT_CONVERSION = YES_AGGRESSIVE;
				CLANG_CXX_LANGUAGE_STANDARD = "gnu++20";
				CLANG_ENABLE_MODULES = YES;
				CLANG_ENABLE_OBJC_ARC = YES;
				CLANG_ENABLE_OBJC_WEAK = YES;
				CLANG_WARN_BLOCK_CAPTURE_AUTORELEASING = YES;
				CLANG_WARN_BOOL_CONVERSION = YES;
				CLANG_WARN_COMMA = YES;
				CLANG_WARN_CONSTANT_CONVERSION = YES;
				CLANG_WARN_DEPRECATED_OBJC_IMPLEMENTATIONS = YES;
				CLANG_WARN_DIRECT_OBJC_ISA_USAGE = YES_ERROR;
				CLANG_WARN_DOCUMENTATION_COMMENTS = YES;
				CLANG_WARN_EMPTY_BODY = YES;
				CLANG_WARN_ENUM_CONVERSION = YES;
				CLANG_WARN_INFINITE_RECURSION = YES;
				CLANG_WARN_INT_CONVERSION = YES;
				CLANG_WARN_NON_LITERAL_NULL_CONVERSION = YES;
				CLANG_WARN_OBJC_IMPLICIT_RETAIN_SELF = YES;
				CLANG_WARN_OBJC_LITERAL_CONVERSION = YES;
				CLANG_WARN_OBJC_ROOT_CLASS = YES_ERROR;
				CLANG_WARN_QUOTED_INCLUDE_IN_FRAMEWORK_HEADER = YES;
				CLANG_WARN_RANGE_LOOP_ANALYSIS = YES;
				CLANG_WARN_STRICT_PROTOTYPES = YES;
				CLANG_WARN_SUSPICIOUS_MOVE = YES;
				CLANG_WARN_UNGUARDED_AVAILABILITY = YES_AGGRESSIVE;
				CLANG_WARN_UNREACHABLE_CODE = YES;
				CLANG_WARN__DUPLICATE_METHOD_MATCH = YES;
				COPY_PHASE_STRIP = NO;
				DEBUG_INFORMATION_FORMAT = "dwarf-with-dsym";
				DEVELOPMENT_TEAM = YV72SAKGKB;
				ENABLE_NS_ASSERTIONS = NO;
				ENABLE_STRICT_OBJC_MSGSEND = YES;
				ENABLE_USER_SCRIPT_SANDBOXING = YES;
				GCC_C_LANGUAGE_STANDARD = gnu17;
				GCC_NO_COMMON_BLOCKS = YES;
				GCC_WARN_64_TO_32_BIT_CONVERSION = YES;
				GCC_WARN_ABOUT_RETURN_TYPE = YES_ERROR;
				GCC_WARN_UNDECLARED_SELECTOR = YES;
				GCC_WARN_UNINITIALIZED_AUTOS = YES_AGGRESSIVE;
				GCC_WARN_UNUSED_FUNCTION = YES;
				GCC_WARN_UNUSED_VARIABLE = YES;
				IPHONEOS_DEPLOYMENT_TARGET = 18.5;
				LOCALIZATION_PREFERS_STRING_CATALOGS = YES;
				MTL_ENABLE_DEBUG_INFO = NO;
				MTL_FAST_MATH = YES;
				SDKROOT = iphoneos;
				SWIFT_COMPILATION_MODE = wholemodule;
				VALIDATE_PRODUCT = YES;
			};
			name = Release;
		};
/* End XCBuildConfiguration section */

/* Begin XCConfigurationList section */
		32D4D1902DF7544300A8B655 /* Build configuration list for PBXProject "ExpertTrain" */ = {
			isa = XCConfigurationList;
			buildConfigurations = (
				32D4D1AB2DF7544300A8B655 /* Debug */,
				32D4D1AC2DF7544300A8B655 /* Release */,
			);
			defaultConfigurationIsVisible = 0;
			defaultConfigurationName = Release;
		};
		32D4D1A82DF7544300A8B655 /* Build configuration list for PBXNativeTarget "ExpertTrain" */ = {
			isa = XCConfigurationList;
			buildConfigurations = (
				32D4D1A92DF7544300A8B655 /* Debug */,
				32D4D1AA2DF7544300A8B655 /* Release */,
			);
			defaultConfigurationIsVisible = 0;
			defaultConfigurationName = Release;
		};
/* End XCConfigurationList section */
	};
	rootObject = 32D4D18D2DF7544300A8B655 /* Project object */;
}
